// !$*UTF8*$!
{
	archiveVersion = 1;
	classes = {
	};
	objectVersion = 46;
	objects = {

/* Begin PBXBuildFile section */
		B30031391951341B002B37D3 /* Foundation.framework in Frameworks */ = {isa = PBXBuildFile; fileRef = B30031381951341B002B37D3 /* Foundation.framework */; };
		B300313B1951341B002B37D3 /* CoreGraphics.framework in Frameworks */ = {isa = PBXBuildFile; fileRef = B300313A1951341B002B37D3 /* CoreGraphics.framework */; };
		B300313D1951341B002B37D3 /* UIKit.framework in Frameworks */ = {isa = PBXBuildFile; fileRef = B300313C1951341B002B37D3 /* UIKit.framework */; };
		B30031431951341B002B37D3 /* InfoPlist.strings in Resources */ = {isa = PBXBuildFile; fileRef = B30031411951341B002B37D3 /* InfoPlist.strings */; };
		B30031451951341B002B37D3 /* main.m in Sources */ = {isa = PBXBuildFile; fileRef = B30031441951341B002B37D3 /* main.m */; };
		B30031491951341B002B37D3 /* AppDelegate.m in Sources */ = {isa = PBXBuildFile; fileRef = B30031481951341B002B37D3 /* AppDelegate.m */; };
		B300314C1951341B002B37D3 /* Main.storyboard in Resources */ = {isa = PBXBuildFile; fileRef = B300314A1951341B002B37D3 /* Main.storyboard */; };
		B300314F1951341B002B37D3 /* ViewController.m in Sources */ = {isa = PBXBuildFile; fileRef = B300314E1951341B002B37D3 /* ViewController.m */; };
		B30031511951341B002B37D3 /* Images.xcassets in Resources */ = {isa = PBXBuildFile; fileRef = B30031501951341B002B37D3 /* Images.xcassets */; };
		B300318719513459002B37D3 /* QQShareRemote.m in Sources */ = {isa = PBXBuildFile; fileRef = B300317019513459002B37D3 /* QQShareRemote.m */; };
		B300318819513459002B37D3 /* TCShareRemote.m in Sources */ = {isa = PBXBuildFile; fileRef = B300317219513459002B37D3 /* TCShareRemote.m */; };
		B300318919513459002B37D3 /* TencentOpenAPI.framework in Frameworks */ = {isa = PBXBuildFile; fileRef = B300317319513459002B37D3 /* TencentOpenAPI.framework */; };
		B300318A19513459002B37D3 /* TencentOpenApi_IOS_Bundle.bundle in Resources */ = {isa = PBXBuildFile; fileRef = B300317419513459002B37D3 /* TencentOpenApi_IOS_Bundle.bundle */; };
		B300318B19513459002B37D3 /* ExternalShare.m in Sources */ = {isa = PBXBuildFile; fileRef = B300317619513459002B37D3 /* ExternalShare.m */; };
		B300318C19513459002B37D3 /* ExternalShareObject.m in Sources */ = {isa = PBXBuildFile; fileRef = B300317819513459002B37D3 /* ExternalShareObject.m */; };
		B300318D19513459002B37D3 /* ExternalShareRemote.m in Sources */ = {isa = PBXBuildFile; fileRef = B300317A19513459002B37D3 /* ExternalShareRemote.m */; };
		B300318E19513459002B37D3 /* libWeChatSDK.a in Frameworks */ = {isa = PBXBuildFile; fileRef = B300317C19513459002B37D3 /* libWeChatSDK.a */; };
		B300318F19513459002B37D3 /* WXShareRemote.m in Sources */ = {isa = PBXBuildFile; fileRef = B300318019513459002B37D3 /* WXShareRemote.m */; };
		B300319019513459002B37D3 /* libWeiboSDK.a in Frameworks */ = {isa = PBXBuildFile; fileRef = B300318219513459002B37D3 /* libWeiboSDK.a */; };
		B300319119513459002B37D3 /* WBShareRemote.m in Sources */ = {isa = PBXBuildFile; fileRef = B300318419513459002B37D3 /* WBShareRemote.m */; };
		B300319219513459002B37D3 /* WeiboSDK.bundle in Resources */ = {isa = PBXBuildFile; fileRef = B300318519513459002B37D3 /* WeiboSDK.bundle */; };
		B300319519513F1E002B37D3 /* ShareSheet.m in Sources */ = {isa = PBXBuildFile; fileRef = B300319419513F1E002B37D3 /* ShareSheet.m */; };
		B300319819516229002B37D3 /* UISystemUtil.m in Sources */ = {isa = PBXBuildFile; fileRef = B300319719516229002B37D3 /* UISystemUtil.m */; };
/* End PBXBuildFile section */

/* Begin PBXFileReference section */
		B30031351951341B002B37D3 /* ShareKitChina.app */ = {isa = PBXFileReference; explicitFileType = wrapper.application; includeInIndex = 0; path = ShareKitChina.app; sourceTree = BUILT_PRODUCTS_DIR; };
		B30031381951341B002B37D3 /* Foundation.framework */ = {isa = PBXFileReference; lastKnownFileType = wrapper.framework; name = Foundation.framework; path = System/Library/Frameworks/Foundation.framework; sourceTree = SDKROOT; };
		B300313A1951341B002B37D3 /* CoreGraphics.framework */ = {isa = PBXFileReference; lastKnownFileType = wrapper.framework; name = CoreGraphics.framework; path = System/Library/Frameworks/CoreGraphics.framework; sourceTree = SDKROOT; };
		B300313C1951341B002B37D3 /* UIKit.framework */ = {isa = PBXFileReference; lastKnownFileType = wrapper.framework; name = UIKit.framework; path = System/Library/Frameworks/UIKit.framework; sourceTree = SDKROOT; };
		B30031401951341B002B37D3 /* ShareKitChina-Info.plist */ = {isa = PBXFileReference; lastKnownFileType = text.plist.xml; path = "ShareKitChina-Info.plist"; sourceTree = "<group>"; };
		B30031421951341B002B37D3 /* en */ = {isa = PBXFileReference; lastKnownFileType = text.plist.strings; name = en; path = en.lproj/InfoPlist.strings; sourceTree = "<group>"; };
		B30031441951341B002B37D3 /* main.m */ = {isa = PBXFileReference; lastKnownFileType = sourcecode.c.objc; path = main.m; sourceTree = "<group>"; };
		B30031461951341B002B37D3 /* ShareKitChina-Prefix.pch */ = {isa = PBXFileReference; lastKnownFileType = sourcecode.c.h; path = "ShareKitChina-Prefix.pch"; sourceTree = "<group>"; };
		B30031471951341B002B37D3 /* AppDelegate.h */ = {isa = PBXFileReference; lastKnownFileType = sourcecode.c.h; path = AppDelegate.h; sourceTree = "<group>"; };
		B30031481951341B002B37D3 /* AppDelegate.m */ = {isa = PBXFileReference; lastKnownFileType = sourcecode.c.objc; path = AppDelegate.m; sourceTree = "<group>"; };
		B300314B1951341B002B37D3 /* Base */ = {isa = PBXFileReference; lastKnownFileType = file.storyboard; name = Base; path = Base.lproj/Main.storyboard; sourceTree = "<group>"; };
		B300314D1951341B002B37D3 /* ViewController.h */ = {isa = PBXFileReference; lastKnownFileType = sourcecode.c.h; path = ViewController.h; sourceTree = "<group>"; };
		B300314E1951341B002B37D3 /* ViewController.m */ = {isa = PBXFileReference; lastKnownFileType = sourcecode.c.objc; path = ViewController.m; sourceTree = "<group>"; };
		B30031501951341B002B37D3 /* Images.xcassets */ = {isa = PBXFileReference; lastKnownFileType = folder.assetcatalog; path = Images.xcassets; sourceTree = "<group>"; };
		B30031571951341B002B37D3 /* XCTest.framework */ = {isa = PBXFileReference; lastKnownFileType = wrapper.framework; name = XCTest.framework; path = Library/Frameworks/XCTest.framework; sourceTree = DEVELOPER_DIR; };
		B300316F19513459002B37D3 /* QQShareRemote.h */ = {isa = PBXFileReference; fileEncoding = 4; lastKnownFileType = sourcecode.c.h; path = QQShareRemote.h; sourceTree = "<group>"; };
		B300317019513459002B37D3 /* QQShareRemote.m */ = {isa = PBXFileReference; fileEncoding = 4; lastKnownFileType = sourcecode.c.objc; path = QQShareRemote.m; sourceTree = "<group>"; };
		B300317119513459002B37D3 /* TCShareRemote.h */ = {isa = PBXFileReference; fileEncoding = 4; lastKnownFileType = sourcecode.c.h; path = TCShareRemote.h; sourceTree = "<group>"; };
		B300317219513459002B37D3 /* TCShareRemote.m */ = {isa = PBXFileReference; fileEncoding = 4; lastKnownFileType = sourcecode.c.objc; path = TCShareRemote.m; sourceTree = "<group>"; };
		B300317319513459002B37D3 /* TencentOpenAPI.framework */ = {isa = PBXFileReference; lastKnownFileType = wrapper.framework; path = TencentOpenAPI.framework; sourceTree = "<group>"; };
		B300317419513459002B37D3 /* TencentOpenApi_IOS_Bundle.bundle */ = {isa = PBXFileReference; lastKnownFileType = "wrapper.plug-in"; path = TencentOpenApi_IOS_Bundle.bundle; sourceTree = "<group>"; };
		B300317519513459002B37D3 /* ExternalShare.h */ = {isa = PBXFileReference; fileEncoding = 4; lastKnownFileType = sourcecode.c.h; path = ExternalShare.h; sourceTree = "<group>"; };
		B300317619513459002B37D3 /* ExternalShare.m */ = {isa = PBXFileReference; fileEncoding = 4; lastKnownFileType = sourcecode.c.objc; path = ExternalShare.m; sourceTree = "<group>"; };
		B300317719513459002B37D3 /* ExternalShareObject.h */ = {isa = PBXFileReference; fileEncoding = 4; lastKnownFileType = sourcecode.c.h; path = ExternalShareObject.h; sourceTree = "<group>"; };
		B300317819513459002B37D3 /* ExternalShareObject.m */ = {isa = PBXFileReference; fileEncoding = 4; lastKnownFileType = sourcecode.c.objc; path = ExternalShareObject.m; sourceTree = "<group>"; };
		B300317919513459002B37D3 /* ExternalShareRemote.h */ = {isa = PBXFileReference; fileEncoding = 4; lastKnownFileType = sourcecode.c.h; path = ExternalShareRemote.h; sourceTree = "<group>"; };
		B300317A19513459002B37D3 /* ExternalShareRemote.m */ = {isa = PBXFileReference; fileEncoding = 4; lastKnownFileType = sourcecode.c.objc; path = ExternalShareRemote.m; sourceTree = "<group>"; };
		B300317C19513459002B37D3 /* libWeChatSDK.a */ = {isa = PBXFileReference; lastKnownFileType = archive.ar; path = libWeChatSDK.a; sourceTree = "<group>"; };
		B300317D19513459002B37D3 /* WXApi.h */ = {isa = PBXFileReference; fileEncoding = 4; lastKnownFileType = sourcecode.c.h; path = WXApi.h; sourceTree = "<group>"; };
		B300317E19513459002B37D3 /* WXApiObject.h */ = {isa = PBXFileReference; fileEncoding = 4; lastKnownFileType = sourcecode.c.h; path = WXApiObject.h; sourceTree = "<group>"; };
		B300317F19513459002B37D3 /* WXShareRemote.h */ = {isa = PBXFileReference; fileEncoding = 4; lastKnownFileType = sourcecode.c.h; path = WXShareRemote.h; sourceTree = "<group>"; };
		B300318019513459002B37D3 /* WXShareRemote.m */ = {isa = PBXFileReference; fileEncoding = 4; lastKnownFileType = sourcecode.c.objc; path = WXShareRemote.m; sourceTree = "<group>"; };
		B300318219513459002B37D3 /* libWeiboSDK.a */ = {isa = PBXFileReference; lastKnownFileType = archive.ar; path = libWeiboSDK.a; sourceTree = "<group>"; };
		B300318319513459002B37D3 /* WBShareRemote.h */ = {isa = PBXFileReference; fileEncoding = 4; lastKnownFileType = sourcecode.c.h; path = WBShareRemote.h; sourceTree = "<group>"; };
		B300318419513459002B37D3 /* WBShareRemote.m */ = {isa = PBXFileReference; fileEncoding = 4; lastKnownFileType = sourcecode.c.objc; path = WBShareRemote.m; sourceTree = "<group>"; };
		B300318519513459002B37D3 /* WeiboSDK.bundle */ = {isa = PBXFileReference; lastKnownFileType = "wrapper.plug-in"; path = WeiboSDK.bundle; sourceTree = "<group>"; };
		B300318619513459002B37D3 /* WeiboSDK.h */ = {isa = PBXFileReference; fileEncoding = 4; lastKnownFileType = sourcecode.c.h; path = WeiboSDK.h; sourceTree = "<group>"; };
		B300319319513F1E002B37D3 /* ShareSheet.h */ = {isa = PBXFileReference; fileEncoding = 4; lastKnownFileType = sourcecode.c.h; path = ShareSheet.h; sourceTree = "<group>"; };
		B300319419513F1E002B37D3 /* ShareSheet.m */ = {isa = PBXFileReference; fileEncoding = 4; lastKnownFileType = sourcecode.c.objc; path = ShareSheet.m; sourceTree = "<group>"; };
		B300319619516229002B37D3 /* UISystemUtil.h */ = {isa = PBXFileReference; fileEncoding = 4; lastKnownFileType = sourcecode.c.h; path = UISystemUtil.h; sourceTree = "<group>"; };
		B300319719516229002B37D3 /* UISystemUtil.m */ = {isa = PBXFileReference; fileEncoding = 4; lastKnownFileType = sourcecode.c.objc; path = UISystemUtil.m; sourceTree = "<group>"; };
/* End PBXFileReference section */

/* Begin PBXFrameworksBuildPhase section */
		B30031321951341B002B37D3 /* Frameworks */ = {
			isa = PBXFrameworksBuildPhase;
			buildActionMask = 2147483647;
			files = (
				B300313B1951341B002B37D3 /* CoreGraphics.framework in Frameworks */,
				B300319019513459002B37D3 /* libWeiboSDK.a in Frameworks */,
				B300318919513459002B37D3 /* TencentOpenAPI.framework in Frameworks */,
				B300313D1951341B002B37D3 /* UIKit.framework in Frameworks */,
				B30031391951341B002B37D3 /* Foundation.framework in Frameworks */,
				B300318E19513459002B37D3 /* libWeChatSDK.a in Frameworks */,
			);
			runOnlyForDeploymentPostprocessing = 0;
		};
/* End PBXFrameworksBuildPhase section */

/* Begin PBXGroup section */
		B300312C1951341B002B37D3 = {
			isa = PBXGroup;
			children = (
				B300313E1951341B002B37D3 /* ShareKitChina */,
				B30031371951341B002B37D3 /* Frameworks */,
				B30031361951341B002B37D3 /* Products */,
			);
			sourceTree = "<group>";
		};
		B30031361951341B002B37D3 /* Products */ = {
			isa = PBXGroup;
			children = (
				B30031351951341B002B37D3 /* ShareKitChina.app */,
			);
			name = Products;
			sourceTree = "<group>";
		};
		B30031371951341B002B37D3 /* Frameworks */ = {
			isa = PBXGroup;
			children = (
				B30031381951341B002B37D3 /* Foundation.framework */,
				B300313A1951341B002B37D3 /* CoreGraphics.framework */,
				B300313C1951341B002B37D3 /* UIKit.framework */,
				B30031571951341B002B37D3 /* XCTest.framework */,
			);
			name = Frameworks;
			sourceTree = "<group>";
		};
		B300313E1951341B002B37D3 /* ShareKitChina */ = {
			isa = PBXGroup;
			children = (
				B30031471951341B002B37D3 /* AppDelegate.h */,
				B30031481951341B002B37D3 /* AppDelegate.m */,
				B300316D19513459002B37D3 /* ExternalShare */,
				B30031501951341B002B37D3 /* Images.xcassets */,
				B300314A1951341B002B37D3 /* Main.storyboard */,
				B300319319513F1E002B37D3 /* ShareSheet.h */,
				B300319419513F1E002B37D3 /* ShareSheet.m */,
				B300313F1951341B002B37D3 /* Supporting Files */,
				B300319619516229002B37D3 /* UISystemUtil.h */,
				B300319719516229002B37D3 /* UISystemUtil.m */,
				B300314D1951341B002B37D3 /* ViewController.h */,
				B300314E1951341B002B37D3 /* ViewController.m */,
			);
			path = ShareKitChina;
			sourceTree = "<group>";
		};
		B300313F1951341B002B37D3 /* Supporting Files */ = {
			isa = PBXGroup;
			children = (
				B30031401951341B002B37D3 /* ShareKitChina-Info.plist */,
				B30031411951341B002B37D3 /* InfoPlist.strings */,
				B30031441951341B002B37D3 /* main.m */,
				B30031461951341B002B37D3 /* ShareKitChina-Prefix.pch */,
			);
			name = "Supporting Files";
			sourceTree = "<group>";
		};
		B300316D19513459002B37D3 /* ExternalShare */ = {
			isa = PBXGroup;
			children = (
				B300316E19513459002B37D3 /* Connect_IOS_SDK */,
				B300317519513459002B37D3 /* ExternalShare.h */,
				B300317619513459002B37D3 /* ExternalShare.m */,
				B300317719513459002B37D3 /* ExternalShareObject.h */,
				B300317819513459002B37D3 /* ExternalShareObject.m */,
				B300317919513459002B37D3 /* ExternalShareRemote.h */,
				B300317A19513459002B37D3 /* ExternalShareRemote.m */,
				B300317B19513459002B37D3 /* WeChatSDK */,
				B300318119513459002B37D3 /* WeiboSDK */,
			);
			path = ExternalShare;
			sourceTree = "<group>";
		};
		B300316E19513459002B37D3 /* Connect_IOS_SDK */ = {
			isa = PBXGroup;
			children = (
				B300316F19513459002B37D3 /* QQShareRemote.h */,
				B300317019513459002B37D3 /* QQShareRemote.m */,
				B300317119513459002B37D3 /* TCShareRemote.h */,
				B300317219513459002B37D3 /* TCShareRemote.m */,
				B300317319513459002B37D3 /* TencentOpenAPI.framework */,
				B300317419513459002B37D3 /* TencentOpenApi_IOS_Bundle.bundle */,
			);
			path = Connect_IOS_SDK;
			sourceTree = "<group>";
		};
		B300317B19513459002B37D3 /* WeChatSDK */ = {
			isa = PBXGroup;
			children = (
				B300317C19513459002B37D3 /* libWeChatSDK.a */,
				B300317D19513459002B37D3 /* WXApi.h */,
				B300317E19513459002B37D3 /* WXApiObject.h */,
				B300317F19513459002B37D3 /* WXShareRemote.h */,
				B300318019513459002B37D3 /* WXShareRemote.m */,
			);
			path = WeChatSDK;
			sourceTree = "<group>";
		};
		B300318119513459002B37D3 /* WeiboSDK */ = {
			isa = PBXGroup;
			children = (
				B300318219513459002B37D3 /* libWeiboSDK.a */,
				B300318319513459002B37D3 /* WBShareRemote.h */,
				B300318419513459002B37D3 /* WBShareRemote.m */,
				B300318519513459002B37D3 /* WeiboSDK.bundle */,
				B300318619513459002B37D3 /* WeiboSDK.h */,
			);
			path = WeiboSDK;
			sourceTree = "<group>";
		};
/* End PBXGroup section */

/* Begin PBXNativeTarget section */
		B30031341951341B002B37D3 /* ShareKitChina */ = {
			isa = PBXNativeTarget;
			buildConfigurationList = B30031671951341B002B37D3 /* Build configuration list for PBXNativeTarget "ShareKitChina" */;
			buildPhases = (
				B30031311951341B002B37D3 /* Sources */,
				B30031321951341B002B37D3 /* Frameworks */,
				B30031331951341B002B37D3 /* Resources */,
			);
			buildRules = (
			);
			dependencies = (
			);
			name = ShareKitChina;
			productName = ShareKitChina;
			productReference = B30031351951341B002B37D3 /* ShareKitChina.app */;
			productType = "com.apple.product-type.application";
		};
/* End PBXNativeTarget section */

/* Begin PBXProject section */
		B300312D1951341B002B37D3 /* Project object */ = {
			isa = PBXProject;
			attributes = {
				LastUpgradeCheck = 0510;
				ORGANIZATIONNAME = cnnetlab;
			};
			buildConfigurationList = B30031301951341B002B37D3 /* Build configuration list for PBXProject "ShareKitChina" */;
			compatibilityVersion = "Xcode 3.2";
			developmentRegion = English;
			hasScannedForEncodings = 0;
			knownRegions = (
				en,
				Base,
			);
			mainGroup = B300312C1951341B002B37D3;
			productRefGroup = B30031361951341B002B37D3 /* Products */;
			projectDirPath = "";
			projectRoot = "";
			targets = (
				B30031341951341B002B37D3 /* ShareKitChina */,
			);
		};
/* End PBXProject section */

/* Begin PBXResourcesBuildPhase section */
		B30031331951341B002B37D3 /* Resources */ = {
			isa = PBXResourcesBuildPhase;
			buildActionMask = 2147483647;
			files = (
				B300318A19513459002B37D3 /* TencentOpenApi_IOS_Bundle.bundle in Resources */,
				B30031511951341B002B37D3 /* Images.xcassets in Resources */,
				B300319219513459002B37D3 /* WeiboSDK.bundle in Resources */,
				B30031431951341B002B37D3 /* InfoPlist.strings in Resources */,
				B300314C1951341B002B37D3 /* Main.storyboard in Resources */,
			);
			runOnlyForDeploymentPostprocessing = 0;
		};
/* End PBXResourcesBuildPhase section */

/* Begin PBXSourcesBuildPhase section */
		B30031311951341B002B37D3 /* Sources */ = {
			isa = PBXSourcesBuildPhase;
			buildActionMask = 2147483647;
			files = (
				B300318C19513459002B37D3 /* ExternalShareObject.m in Sources */,
				B300318819513459002B37D3 /* TCShareRemote.m in Sources */,
				B300319119513459002B37D3 /* WBShareRemote.m in Sources */,
				B300319519513F1E002B37D3 /* ShareSheet.m in Sources */,
				B300318D19513459002B37D3 /* ExternalShareRemote.m in Sources */,
				B300314F1951341B002B37D3 /* ViewController.m in Sources */,
				B300318B19513459002B37D3 /* ExternalShare.m in Sources */,
				B30031491951341B002B37D3 /* AppDelegate.m in Sources */,
				B30031451951341B002B37D3 /* main.m in Sources */,
				B300318F19513459002B37D3 /* WXShareRemote.m in Sources */,
				B300319819516229002B37D3 /* UISystemUtil.m in Sources */,
				B300318719513459002B37D3 /* QQShareRemote.m in Sources */,
			);
			runOnlyForDeploymentPostprocessing = 0;
		};
/* End PBXSourcesBuildPhase section */

/* Begin PBXVariantGroup section */
		B30031411951341B002B37D3 /* InfoPlist.strings */ = {
			isa = PBXVariantGroup;
			children = (
				B30031421951341B002B37D3 /* en */,
			);
			name = InfoPlist.strings;
			sourceTree = "<group>";
		};
		B300314A1951341B002B37D3 /* Main.storyboard */ = {
			isa = PBXVariantGroup;
			children = (
				B300314B1951341B002B37D3 /* Base */,
			);
			name = Main.storyboard;
			sourceTree = "<group>";
		};
/* End PBXVariantGroup section */

/* Begin XCBuildConfiguration section */
		B30031651951341B002B37D3 /* Debug */ = {
			isa = XCBuildConfiguration;
			buildSettings = {
				ALWAYS_SEARCH_USER_PATHS = NO;
				CLANG_CXX_LANGUAGE_STANDARD = "gnu++0x";
				CLANG_CXX_LIBRARY = "libc++";
				CLANG_ENABLE_MODULES = YES;
				CLANG_ENABLE_OBJC_ARC = YES;
				CLANG_WARN_BOOL_CONVERSION = YES;
				CLANG_WARN_CONSTANT_CONVERSION = YES;
				CLANG_WARN_DIRECT_OBJC_ISA_USAGE = YES_ERROR;
				CLANG_WARN_EMPTY_BODY = YES;
				CLANG_WARN_ENUM_CONVERSION = YES;
				CLANG_WARN_INT_CONVERSION = YES;
				CLANG_WARN_OBJC_ROOT_CLASS = YES_ERROR;
				CLANG_WARN__DUPLICATE_METHOD_MATCH = YES;
				"CODE_SIGN_IDENTITY[sdk=iphoneos*]" = "iPhone Developer";
				COPY_PHASE_STRIP = NO;
				GCC_C_LANGUAGE_STANDARD = gnu99;
				GCC_DYNAMIC_NO_PIC = NO;
				GCC_OPTIMIZATION_LEVEL = 0;
				GCC_PREPROCESSOR_DEFINITIONS = (
					"DEBUG=1",
					"$(inherited)",
				);
				GCC_SYMBOLS_PRIVATE_EXTERN = NO;
				GCC_WARN_64_TO_32_BIT_CONVERSION = YES;
				GCC_WARN_ABOUT_RETURN_TYPE = YES_ERROR;
				GCC_WARN_UNDECLARED_SELECTOR = YES;
				GCC_WARN_UNINITIALIZED_AUTOS = YES_AGGRESSIVE;
				GCC_WARN_UNUSED_FUNCTION = YES;
				GCC_WARN_UNUSED_VARIABLE = YES;
				IPHONEOS_DEPLOYMENT_TARGET = 7.1;
				ONLY_ACTIVE_ARCH = YES;
				SDKROOT = iphoneos;
			};
			name = Debug;
		};
		B30031661951341B002B37D3 /* Release */ = {
			isa = XCBuildConfiguration;
			buildSettings = {
				ALWAYS_SEARCH_USER_PATHS = NO;
				CLANG_CXX_LANGUAGE_STANDARD = "gnu++0x";
				CLANG_CXX_LIBRARY = "libc++";
				CLANG_ENABLE_MODULES = YES;
				CLANG_ENABLE_OBJC_ARC = YES;
				CLANG_WARN_BOOL_CONVERSION = YES;
				CLANG_WARN_CONSTANT_CONVERSION = YES;
				CLANG_WARN_DIRECT_OBJC_ISA_USAGE = YES_ERROR;
				CLANG_WARN_EMPTY_BODY = YES;
				CLANG_WARN_ENUM_CONVERSION = YES;
				CLANG_WARN_INT_CONVERSION = YES;
				CLANG_WARN_OBJC_ROOT_CLASS = YES_ERROR;
				CLANG_WARN__DUPLICATE_METHOD_MATCH = YES;
				"CODE_SIGN_IDENTITY[sdk=iphoneos*]" = "iPhone Developer";
				COPY_PHASE_STRIP = YES;
				ENABLE_NS_ASSERTIONS = NO;
				GCC_C_LANGUAGE_STANDARD = gnu99;
				GCC_WARN_64_TO_32_BIT_CONVERSION = YES;
				GCC_WARN_ABOUT_RETURN_TYPE = YES_ERROR;
				GCC_WARN_UNDECLARED_SELECTOR = YES;
				GCC_WARN_UNINITIALIZED_AUTOS = YES_AGGRESSIVE;
				GCC_WARN_UNUSED_FUNCTION = YES;
				GCC_WARN_UNUSED_VARIABLE = YES;
				IPHONEOS_DEPLOYMENT_TARGET = 7.1;
				SDKROOT = iphoneos;
				VALIDATE_PRODUCT = YES;
			};
			name = Release;
		};
		B30031681951341B002B37D3 /* Debug */ = {
			isa = XCBuildConfiguration;
			buildSettings = {
				ASSETCATALOG_COMPILER_APPICON_NAME = AppIcon;
				ASSETCATALOG_COMPILER_LAUNCHIMAGE_NAME = LaunchImage;
				FRAMEWORK_SEARCH_PATHS = (
					"$(inherited)",
					"$(PROJECT_DIR)/ShareKitChina/ExternalShare/Connect_IOS_SDK",
				);
				GCC_PRECOMPILE_PREFIX_HEADER = YES;
				GCC_PREFIX_HEADER = "ShareKitChina/ShareKitChina-Prefix.pch";
				INFOPLIST_FILE = "ShareKitChina/ShareKitChina-Info.plist";
				LIBRARY_SEARCH_PATHS = (
					"$(inherited)",
					"$(PROJECT_DIR)/ShareKitChina/ExternalShare/WeChatSDK",
					"$(PROJECT_DIR)/ShareKitChina/ExternalShare/WeiboSDK",
				);
				PRODUCT_NAME = "$(TARGET_NAME)";
				WRAPPER_EXTENSION = app;
			};
			name = Debug;
		};
		B30031691951341B002B37D3 /* Release */ = {
			isa = XCBuildConfiguration;
			buildSettings = {
				ASSETCATALOG_COMPILER_APPICON_NAME = AppIcon;
				ASSETCATALOG_COMPILER_LAUNCHIMAGE_NAME = LaunchImage;
				FRAMEWORK_SEARCH_PATHS = (
					"$(inherited)",
					"$(PROJECT_DIR)/ShareKitChina/ExternalShare/Connect_IOS_SDK",
				);
				GCC_PRECOMPILE_PREFIX_HEADER = YES;
				GCC_PREFIX_HEADER = "ShareKitChina/ShareKitChina-Prefix.pch";
				INFOPLIST_FILE = "ShareKitChina/ShareKitChina-Info.plist";
				LIBRARY_SEARCH_PATHS = (
					"$(inherited)",
					"$(PROJECT_DIR)/ShareKitChina/ExternalShare/WeChatSDK",
					"$(PROJECT_DIR)/ShareKitChina/ExternalShare/WeiboSDK",
				);
				PRODUCT_NAME = "$(TARGET_NAME)";
				WRAPPER_EXTENSION = app;
			};
			name = Release;
		};
/* End XCBuildConfiguration section */

/* Begin XCConfigurationList section */
		B30031301951341B002B37D3 /* Build configuration list for PBXProject "ShareKitChina" */ = {
			isa = XCConfigurationList;
			buildConfigurations = (
				B30031651951341B002B37D3 /* Debug */,
				B30031661951341B002B37D3 /* Release */,
			);
			defaultConfigurationIsVisible = 0;
			defaultConfigurationName = Release;
		};
		B30031671951341B002B37D3 /* Build configuration list for PBXNativeTarget "ShareKitChina" */ = {
			isa = XCConfigurationList;
			buildConfigurations = (
				B30031681951341B002B37D3 /* Debug */,
				B30031691951341B002B37D3 /* Release */,
			);
			defaultConfigurationIsVisible = 0;
		};
/* End XCConfigurationList section */
	};
	rootObject = B300312D1951341B002B37D3 /* Project object */;
}
